// !$*UTF8*$!
{
	archiveVersion = 1;
	classes = {
	};
	objectVersion = 45;
	objects = {

/* Begin PBXBuildFile section */
		1D60589F0D05DD5A006BFB54 /* Foundation.framework in Frameworks */ = {isa = PBXBuildFile; fileRef = 1D30AB110D05D00D00671497 /* Foundation.framework */; };
		1DF5F4E00D08C38300B7A737 /* UIKit.framework in Frameworks */ = {isa = PBXBuildFile; fileRef = 1DF5F4DF0D08C38300B7A737 /* UIKit.framework */; };
		288765FD0DF74451002DB57D /* CoreGraphics.framework in Frameworks */ = {isa = PBXBuildFile; fileRef = 288765FC0DF74451002DB57D /* CoreGraphics.framework */; };
		5326AEA810A23A0500278DE6 /* CoreLocation.framework in Frameworks */ = {isa = PBXBuildFile; fileRef = 5326AEA710A23A0500278DE6 /* CoreLocation.framework */; };
		53F323EB10A20EDB00E0DAE4 /* OpenAL.framework in Frameworks */ = {isa = PBXBuildFile; fileRef = 53F323EA10A20EDB00E0DAE4 /* OpenAL.framework */; };
		83039CD91771EF9B00A4BCFF /* .gitignore in Resources */ = {isa = PBXBuildFile; fileRef = 83039CC91771EF9B00A4BCFF /* .gitignore */; };
		83039CDA1771EF9B00A4BCFF /* README.md in Resources */ = {isa = PBXBuildFile; fileRef = 83039CCA1771EF9B00A4BCFF /* README.md */; };
		83039CDB1771EF9B00A4BCFF /* EAVIGUI.baseEffect.cpp in Sources */ = {isa = PBXBuildFile; fileRef = 83039CCC1771EF9B00A4BCFF /* EAVIGUI.baseEffect.cpp */; };
		83039CDC1771EF9B00A4BCFF /* EAVIGUI.highLightEffect.cpp in Sources */ = {isa = PBXBuildFile; fileRef = 83039CCF1771EF9B00A4BCFF /* EAVIGUI.highLightEffect.cpp */; };
		83039CDD1771EF9B00A4BCFF /* EAVIGUI.imageButton.cpp in Sources */ = {isa = PBXBuildFile; fileRef = 83039CD11771EF9B00A4BCFF /* EAVIGUI.imageButton.cpp */; };
		83039CDE1771EF9B00A4BCFF /* EAVIGUI.interfaceManager.cpp in Sources */ = {isa = PBXBuildFile; fileRef = 83039CD31771EF9B00A4BCFF /* EAVIGUI.interfaceManager.cpp */; };
		83039CDF1771EF9B00A4BCFF /* EAVIGUI.interfaceObject.cpp in Sources */ = {isa = PBXBuildFile; fileRef = 83039CD51771EF9B00A4BCFF /* EAVIGUI.interfaceObject.cpp */; };
		83039CE01771EF9B00A4BCFF /* EAVIGUI.label.cpp in Sources */ = {isa = PBXBuildFile; fileRef = 83039CD71771EF9B00A4BCFF /* EAVIGUI.label.cpp */; };
		8336000C1768E9A000FFD068 /* sceneHPFilterPlay.mm in Sources */ = {isa = PBXBuildFile; fileRef = 833600071768E97F00FFD068 /* sceneHPFilterPlay.mm */; };
		8336000D1768E9A000FFD068 /* sceneFXPlay1.mm in Sources */ = {isa = PBXBuildFile; fileRef = 833600091768E99100FFD068 /* sceneFXPlay1.mm */; };
		8336000E1768E9A000FFD068 /* sceneFXPlay2.mm in Sources */ = {isa = PBXBuildFile; fileRef = 8336000B1768E99D00FFD068 /* sceneFXPlay2.mm */; };
		833600111768E9D700FFD068 /* sceneFilterPlay.mm in Sources */ = {isa = PBXBuildFile; fileRef = 833600101768E9D300FFD068 /* sceneFilterPlay.mm */; };
		8342DC7F1614A12B00BD17A1 /* EAIT.cpp in Sources */ = {isa = PBXBuildFile; fileRef = 8342DC211614A12B00BD17A1 /* EAIT.cpp */; };
		8342DC801614A12B00BD17A1 /* Trig.cpp in Sources */ = {isa = PBXBuildFile; fileRef = 8342DC241614A12B00BD17A1 /* Trig.cpp */; };
		8345A3A01771F63100A9D309 /* Default.png in Resources */ = {isa = PBXBuildFile; fileRef = 8345A39F1771F63100A9D309 /* Default.png */; };
		8345A3A21771F64600A9D309 /* Icon.png in Resources */ = {isa = PBXBuildFile; fileRef = 8345A3A11771F64600A9D309 /* Icon.png */; };
		8345A3A41771F80700A9D309 /* icon72.png in Resources */ = {isa = PBXBuildFile; fileRef = 8345A3A31771F80700A9D309 /* icon72.png */; };
		8345A3A61771F80C00A9D309 /* icon144.png in Resources */ = {isa = PBXBuildFile; fileRef = 8345A3A51771F80C00A9D309 /* icon144.png */; };
		8345A3AA17731CB400A9D309 /* supervisorMenu.cpp in Sources */ = {isa = PBXBuildFile; fileRef = 8345A3A817731CB400A9D309 /* supervisorMenu.cpp */; };
		8345A3AE17731DAB00A9D309 /* EAVIGUI.panel.cpp in Sources */ = {isa = PBXBuildFile; fileRef = 8345A3AC17731DAB00A9D309 /* EAVIGUI.panel.cpp */; };
		8345A3B117733D5700A9D309 /* EAVIGUI.checkbox.cpp in Sources */ = {isa = PBXBuildFile; fileRef = 8345A3AF17733D5500A9D309 /* EAVIGUI.checkbox.cpp */; };
		8345A3B517735DAA00A9D309 /* recordVisualiser.cpp in Sources */ = {isa = PBXBuildFile; fileRef = 8345A3B317735DA900A9D309 /* recordVisualiser.cpp */; };
		8378A47C15E2507E00A92A95 /* fft.cpp in Sources */ = {isa = PBXBuildFile; fileRef = 8378A46415E2507E00A92A95 /* fft.cpp */; };
		8378A47D15E2507E00A92A95 /* maxiAtoms.cpp in Sources */ = {isa = PBXBuildFile; fileRef = 8378A46615E2507E00A92A95 /* maxiAtoms.cpp */; };
		8378A47E15E2507E00A92A95 /* maxiFFT.cpp in Sources */ = {isa = PBXBuildFile; fileRef = 8378A46815E2507E00A92A95 /* maxiFFT.cpp */; };
		8378A47F15E2507E00A92A95 /* maxiGrains.cpp in Sources */ = {isa = PBXBuildFile; fileRef = 8378A46A15E2507E00A92A95 /* maxiGrains.cpp */; };
		8378A48015E2507E00A92A95 /* maxiMFCC.cpp in Sources */ = {isa = PBXBuildFile; fileRef = 8378A46C15E2507E00A92A95 /* maxiMFCC.cpp */; };
		8378A48115E2507E00A92A95 /* maximilian.cpp in Sources */ = {isa = PBXBuildFile; fileRef = 8378A46E15E2507E00A92A95 /* maximilian.cpp */; };
		8378A48215E2507E00A92A95 /* stb_vorbis.c in Sources */ = {isa = PBXBuildFile; fileRef = 8378A47115E2507E00A92A95 /* stb_vorbis.c */; };
		8378A48515E2515C00A92A95 /* Accelerate.framework in Frameworks */ = {isa = PBXBuildFile; fileRef = 8378A48415E2515C00A92A95 /* Accelerate.framework */; };
		8378A51315E27FBD00A92A95 /* SonicTag3.mm in Sources */ = {isa = PBXBuildFile; fileRef = 8378A51215E27FBD00A92A95 /* SonicTag3.mm */; };
		839B03AA177CA32500D5FA4D /* mapControl.cpp in Sources */ = {isa = PBXBuildFile; fileRef = 839B03A8177CA32500D5FA4D /* mapControl.cpp */; };
		839B03AE177DD20B00D5FA4D /* Default-Portrait~ipad.png in Resources */ = {isa = PBXBuildFile; fileRef = 839B03AD177DD20B00D5FA4D /* Default-Portrait~ipad.png */; };
		839B03B0177DD21200D5FA4D /* Default-Portrait@2x~ipad.png in Resources */ = {isa = PBXBuildFile; fileRef = 839B03AF177DD21200D5FA4D /* Default-Portrait@2x~ipad.png */; };
		839B03B3177DE2EC00D5FA4D /* sceneLoop.cpp in Sources */ = {isa = PBXBuildFile; fileRef = 839B03B1177DE2EB00D5FA4D /* sceneLoop.cpp */; };
		839B03B6177DEA7500D5FA4D /* loopControl.cpp in Sources */ = {isa = PBXBuildFile; fileRef = 839B03B4177DEA7500D5FA4D /* loopControl.cpp */; };
		83E473481761E0CA0008C273 /* audioCatalogue.mm in Sources */ = {isa = PBXBuildFile; fileRef = 83E4733D1761E0CA0008C273 /* audioCatalogue.mm */; };
		83E473491761E0CA0008C273 /* audioFiles.mm in Sources */ = {isa = PBXBuildFile; fileRef = 83E4733F1761E0CA0008C273 /* audioFiles.mm */; };
		83E4734A1761E0CA0008C273 /* baseScene.cpp in Sources */ = {isa = PBXBuildFile; fileRef = 83E473411761E0CA0008C273 /* baseScene.cpp */; };
		83E4734B1761E0CA0008C273 /* circularDial.cpp in Sources */ = {isa = PBXBuildFile; fileRef = 83E473431761E0CA0008C273 /* circularDial.cpp */; };
		83E4734C1761E0CA0008C273 /* SonicTag3App.mm in Sources */ = {isa = PBXBuildFile; fileRef = 83E473461761E0CA0008C273 /* SonicTag3App.mm */; };
		83E473661761E29D0008C273 /* MfccVisualiser.cpp in Sources */ = {isa = PBXBuildFile; fileRef = 83E4735F1761E29D0008C273 /* MfccVisualiser.cpp */; };
		83E473901761E2CC0008C273 /* log.mm in Sources */ = {isa = PBXBuildFile; fileRef = 83E4736B1761E2CC0008C273 /* log.mm */; };
		83E473911761E2CC0008C273 /* RadialScratchSurface.cpp in Sources */ = {isa = PBXBuildFile; fileRef = 83E4736C1761E2CC0008C273 /* RadialScratchSurface.cpp */; };
		83E473921761E2CC0008C273 /* sceneAccelPitch.mm in Sources */ = {isa = PBXBuildFile; fileRef = 83E4736F1761E2CC0008C273 /* sceneAccelPitch.mm */; };
		83E473931761E2CC0008C273 /* sceneAccelPitchStretch.mm in Sources */ = {isa = PBXBuildFile; fileRef = 83E473711761E2CC0008C273 /* sceneAccelPitchStretch.mm */; };
		83E473941761E2CC0008C273 /* sceneAccelStretch.mm in Sources */ = {isa = PBXBuildFile; fileRef = 83E473731761E2CC0008C273 /* sceneAccelStretch.mm */; };
		83E473951761E2CC0008C273 /* sceneDistort.cpp in Sources */ = {isa = PBXBuildFile; fileRef = 83E473741761E2CC0008C273 /* sceneDistort.cpp */; };
		83E473961761E2CC0008C273 /* sceneFilter.cpp in Sources */ = {isa = PBXBuildFile; fileRef = 83E473761761E2CC0008C273 /* sceneFilter.cpp */; };
		83E473971761E2CC0008C273 /* sceneFingerPitch.mm in Sources */ = {isa = PBXBuildFile; fileRef = 83E473791761E2CC0008C273 /* sceneFingerPitch.mm */; };
		83E473981761E2CC0008C273 /* sceneFingerPitchStretch.mm in Sources */ = {isa = PBXBuildFile; fileRef = 83E4737B1761E2CC0008C273 /* sceneFingerPitchStretch.mm */; };
		83E473991761E2CC0008C273 /* sceneFingerPlay.mm in Sources */ = {isa = PBXBuildFile; fileRef = 83E4737D1761E2CC0008C273 /* sceneFingerPlay.mm */; };
		83E4739A1761E2CC0008C273 /* sceneFingerPlayPitch.mm in Sources */ = {isa = PBXBuildFile; fileRef = 83E4737F1761E2CC0008C273 /* sceneFingerPlayPitch.mm */; };
		83E4739B1761E2CC0008C273 /* sceneFingerStretch.mm in Sources */ = {isa = PBXBuildFile; fileRef = 83E473811761E2CC0008C273 /* sceneFingerStretch.mm */; };
		83E4739C1761E2CC0008C273 /* sceneGain.mm in Sources */ = {isa = PBXBuildFile; fileRef = 83E473831761E2CC0008C273 /* sceneGain.mm */; };
		83E4739D1761E2CC0008C273 /* sceneLoopRecord.mm in Sources */ = {isa = PBXBuildFile; fileRef = 83E473851761E2CC0008C273 /* sceneLoopRecord.mm */; };
		83E4739E1761E2CC0008C273 /* scenePlay.mm in Sources */ = {isa = PBXBuildFile; fileRef = 83E473871761E2CC0008C273 /* scenePlay.mm */; };
		83E4739F1761E2CC0008C273 /* sceneRecord.mm in Sources */ = {isa = PBXBuildFile; fileRef = 83E473891761E2CC0008C273 /* sceneRecord.mm */; };
		83E473A01761E2CC0008C273 /* visualiser.cpp in Sources */ = {isa = PBXBuildFile; fileRef = 83E4738C1761E2CC0008C273 /* visualiser.cpp */; };
		83E473A11761E2CC0008C273 /* waveform.cpp in Sources */ = {isa = PBXBuildFile; fileRef = 83E4738E1761E2CC0008C273 /* waveform.cpp */; };
		83E473B1176609AF0008C273 /* BLEScanner.mm in Sources */ = {isa = PBXBuildFile; fileRef = 83E473AE176609AF0008C273 /* BLEScanner.mm */; };
		83E473B2176609AF0008C273 /* nbStream.cpp in Sources */ = {isa = PBXBuildFile; fileRef = 83E473B0176609AF0008C273 /* nbStream.cpp */; };
		83E473B417660C3C0008C273 /* CoreBluetooth.framework in Frameworks */ = {isa = PBXBuildFile; fileRef = 83E473B317660C3C0008C273 /* CoreBluetooth.framework */; };
		BB16EBD20F2B2A9500518274 /* OpenGLES.framework in Frameworks */ = {isa = PBXBuildFile; fileRef = BB16EBD10F2B2A9500518274 /* OpenGLES.framework */; };
		BB16EBD90F2B2AB500518274 /* QuartzCore.framework in Frameworks */ = {isa = PBXBuildFile; fileRef = BB16EBD80F2B2AB500518274 /* QuartzCore.framework */; };
		BB24DD8F10DA77E000E9C588 /* Default.png in Resources */ = {isa = PBXBuildFile; fileRef = BB24DD8C10DA77E000E9C588 /* Default.png */; };
		BB24DD9010DA77E000E9C588 /* Icon.png in Resources */ = {isa = PBXBuildFile; fileRef = BB24DD8D10DA77E000E9C588 /* Icon.png */; };
		BB24DDCA10DA781C00E9C588 /* ofxiphone-Info.plist in Resources */ = {isa = PBXBuildFile; fileRef = BB24DDC910DA781C00E9C588 /* ofxiphone-Info.plist */; };
		BBE5EAB80F49AD8400F28951 /* AudioToolbox.framework in Frameworks */ = {isa = PBXBuildFile; fileRef = BBE5EAB70F49AD8400F28951 /* AudioToolbox.framework */; };
		E41D3ED713B38FB500A75A5D /* Project.xcconfig in Resources */ = {isa = PBXBuildFile; fileRef = E41D3ED613B38FB500A75A5D /* Project.xcconfig */; };
		E41D3EE613B3906D00A75A5D /* CoreOF.xcconfig in Resources */ = {isa = PBXBuildFile; fileRef = E41D3EE513B3906D00A75A5D /* CoreOF.xcconfig */; };
		E41D400B13B39D2100A75A5D /* AVFoundation.framework in Frameworks */ = {isa = PBXBuildFile; fileRef = E41D400613B39D2100A75A5D /* AVFoundation.framework */; };
		E41D400C13B39D2100A75A5D /* CoreMedia.framework in Frameworks */ = {isa = PBXBuildFile; fileRef = E41D400713B39D2100A75A5D /* CoreMedia.framework */; };
		E41D400D13B39D2100A75A5D /* CoreVideo.framework in Frameworks */ = {isa = PBXBuildFile; fileRef = E41D400813B39D2100A75A5D /* CoreVideo.framework */; };
		E41D400E13B39D2100A75A5D /* MapKit.framework in Frameworks */ = {isa = PBXBuildFile; fileRef = E41D400913B39D2100A75A5D /* MapKit.framework */; };
		E41D421413B3A95300A75A5D /* libofxiPhone_iphoneos_Debug.a in Frameworks */ = {isa = PBXBuildFile; fileRef = E41D410213B3A0D800A75A5D /* libofxiPhone_iphoneos_Debug.a */; };
		E4A823A412561BE3002F86A2 /* CoreGraphics.framework in Frameworks */ = {isa = PBXBuildFile; fileRef = E4A823A312561BE3002F86A2 /* CoreGraphics.framework */; };
		E4D8936E11527B74007E1F53 /* main.mm in Sources */ = {isa = PBXBuildFile; fileRef = E4D8936B11527B74007E1F53 /* main.mm */; };
/* End PBXBuildFile section */

/* Begin PBXContainerItemProxy section */
		E41D410113B3A0D800A75A5D /* PBXContainerItemProxy */ = {
			isa = PBXContainerItemProxy;
			containerPortal = E41D40FD13B3A0D800A75A5D /* iOS+OFLib.xcodeproj */;
			proxyType = 2;
			remoteGlobalIDString = BB24DED610DA7A3F00E9C588;
			remoteInfo = "iPhone+OF Static Library";
		};
		E41D410313B3A11300A75A5D /* PBXContainerItemProxy */ = {
			isa = PBXContainerItemProxy;
			containerPortal = E41D40FD13B3A0D800A75A5D /* iOS+OFLib.xcodeproj */;
			proxyType = 1;
			remoteGlobalIDString = BB24DE5C10DA7A3F00E9C588;
			remoteInfo = "iPhone+OF Static Library";
		};
/* End PBXContainerItemProxy section */

/* Begin PBXFileReference section */
		1D30AB110D05D00D00671497 /* Foundation.framework */ = {isa = PBXFileReference; lastKnownFileType = wrapper.framework; name = Foundation.framework; path = System/Library/Frameworks/Foundation.framework; sourceTree = SDKROOT; };
		1D6058910D05DD3D006BFB54 /* SonicTag3.app */ = {isa = PBXFileReference; explicitFileType = wrapper.application; includeInIndex = 0; path = SonicTag3.app; sourceTree = BUILT_PRODUCTS_DIR; };
		1DF5F4DF0D08C38300B7A737 /* UIKit.framework */ = {isa = PBXFileReference; lastKnownFileType = wrapper.framework; name = UIKit.framework; path = System/Library/Frameworks/UIKit.framework; sourceTree = SDKROOT; };
		288765FC0DF74451002DB57D /* CoreGraphics.framework */ = {isa = PBXFileReference; lastKnownFileType = wrapper.framework; name = CoreGraphics.framework; path = System/Library/Frameworks/CoreGraphics.framework; sourceTree = SDKROOT; };
		32CA4F630368D1EE00C91783 /* iPhone_Prefix.pch */ = {isa = PBXFileReference; fileEncoding = 4; lastKnownFileType = sourcecode.c.h; path = iPhone_Prefix.pch; sourceTree = "<group>"; };
		5326AEA710A23A0500278DE6 /* CoreLocation.framework */ = {isa = PBXFileReference; lastKnownFileType = wrapper.framework; name = CoreLocation.framework; path = System/Library/Frameworks/CoreLocation.framework; sourceTree = SDKROOT; };
		53F323EA10A20EDB00E0DAE4 /* OpenAL.framework */ = {isa = PBXFileReference; lastKnownFileType = wrapper.framework; name = OpenAL.framework; path = System/Library/Frameworks/OpenAL.framework; sourceTree = SDKROOT; };
		83039CC91771EF9B00A4BCFF /* .gitignore */ = {isa = PBXFileReference; fileEncoding = 4; lastKnownFileType = text; path = .gitignore; sourceTree = "<group>"; };
		83039CCA1771EF9B00A4BCFF /* README.md */ = {isa = PBXFileReference; fileEncoding = 4; lastKnownFileType = text; path = README.md; sourceTree = "<group>"; };
		83039CCC1771EF9B00A4BCFF /* EAVIGUI.baseEffect.cpp */ = {isa = PBXFileReference; fileEncoding = 4; lastKnownFileType = sourcecode.cpp.cpp; path = EAVIGUI.baseEffect.cpp; sourceTree = "<group>"; };
		83039CCD1771EF9B00A4BCFF /* EAVIGUI.baseEffect.h */ = {isa = PBXFileReference; fileEncoding = 4; lastKnownFileType = sourcecode.c.h; path = EAVIGUI.baseEffect.h; sourceTree = "<group>"; };
		83039CCE1771EF9B00A4BCFF /* EAVIGUI.geomFunctions.h */ = {isa = PBXFileReference; fileEncoding = 4; lastKnownFileType = sourcecode.c.h; path = EAVIGUI.geomFunctions.h; sourceTree = "<group>"; };
		83039CCF1771EF9B00A4BCFF /* EAVIGUI.highLightEffect.cpp */ = {isa = PBXFileReference; fileEncoding = 4; lastKnownFileType = sourcecode.cpp.cpp; path = EAVIGUI.highLightEffect.cpp; sourceTree = "<group>"; };
		83039CD01771EF9B00A4BCFF /* EAVIGUI.highLightEffect.h */ = {isa = PBXFileReference; fileEncoding = 4; lastKnownFileType = sourcecode.c.h; path = EAVIGUI.highLightEffect.h; sourceTree = "<group>"; };
		83039CD11771EF9B00A4BCFF /* EAVIGUI.imageButton.cpp */ = {isa = PBXFileReference; fileEncoding = 4; lastKnownFileType = sourcecode.cpp.cpp; path = EAVIGUI.imageButton.cpp; sourceTree = "<group>"; };
		83039CD21771EF9B00A4BCFF /* EAVIGUI.imageButton.h */ = {isa = PBXFileReference; fileEncoding = 4; lastKnownFileType = sourcecode.c.h; path = EAVIGUI.imageButton.h; sourceTree = "<group>"; };
		83039CD31771EF9B00A4BCFF /* EAVIGUI.interfaceManager.cpp */ = {isa = PBXFileReference; fileEncoding = 4; lastKnownFileType = sourcecode.cpp.cpp; path = EAVIGUI.interfaceManager.cpp; sourceTree = "<group>"; };
		83039CD41771EF9B00A4BCFF /* EAVIGUI.interfaceManager.h */ = {isa = PBXFileReference; fileEncoding = 4; lastKnownFileType = sourcecode.c.h; path = EAVIGUI.interfaceManager.h; sourceTree = "<group>"; };
		83039CD51771EF9B00A4BCFF /* EAVIGUI.interfaceObject.cpp */ = {isa = PBXFileReference; fileEncoding = 4; lastKnownFileType = sourcecode.cpp.cpp; path = EAVIGUI.interfaceObject.cpp; sourceTree = "<group>"; };
		83039CD61771EF9B00A4BCFF /* EAVIGUI.interfaceObject.h */ = {isa = PBXFileReference; fileEncoding = 4; lastKnownFileType = sourcecode.c.h; path = EAVIGUI.interfaceObject.h; sourceTree = "<group>"; };
		83039CD71771EF9B00A4BCFF /* EAVIGUI.label.cpp */ = {isa = PBXFileReference; fileEncoding = 4; lastKnownFileType = sourcecode.cpp.cpp; path = EAVIGUI.label.cpp; sourceTree = "<group>"; };
		83039CD81771EF9B00A4BCFF /* EAVIGUI.label.h */ = {isa = PBXFileReference; fileEncoding = 4; lastKnownFileType = sourcecode.c.h; path = EAVIGUI.label.h; sourceTree = "<group>"; };
		833600061768E97900FFD068 /* sceneHPFilterPlay.h */ = {isa = PBXFileReference; fileEncoding = 4; lastKnownFileType = sourcecode.c.h; path = sceneHPFilterPlay.h; sourceTree = "<group>"; };
		833600071768E97F00FFD068 /* sceneHPFilterPlay.mm */ = {isa = PBXFileReference; fileEncoding = 4; lastKnownFileType = sourcecode.cpp.objcpp; path = sceneHPFilterPlay.mm; sourceTree = "<group>"; };
		833600081768E98500FFD068 /* sceneFXPlay1.h */ = {isa = PBXFileReference; fileEncoding = 4; lastKnownFileType = sourcecode.c.h; path = sceneFXPlay1.h; sourceTree = "<group>"; };
		833600091768E99100FFD068 /* sceneFXPlay1.mm */ = {isa = PBXFileReference; fileEncoding = 4; lastKnownFileType = sourcecode.cpp.objcpp; path = sceneFXPlay1.mm; sourceTree = "<group>"; };
		8336000A1768E99900FFD068 /* sceneFXPlay2.h */ = {isa = PBXFileReference; fileEncoding = 4; lastKnownFileType = sourcecode.c.h; path = sceneFXPlay2.h; sourceTree = "<group>"; };
		8336000B1768E99D00FFD068 /* sceneFXPlay2.mm */ = {isa = PBXFileReference; fileEncoding = 4; lastKnownFileType = sourcecode.cpp.objcpp; path = sceneFXPlay2.mm; sourceTree = "<group>"; };
		8336000F1768E9D100FFD068 /* sceneFilterPlay.h */ = {isa = PBXFileReference; fileEncoding = 4; lastKnownFileType = sourcecode.c.h; path = sceneFilterPlay.h; sourceTree = "<group>"; };
		833600101768E9D300FFD068 /* sceneFilterPlay.mm */ = {isa = PBXFileReference; fileEncoding = 4; lastKnownFileType = sourcecode.cpp.objcpp; path = sceneFilterPlay.mm; sourceTree = "<group>"; };
		8342DC211614A12B00BD17A1 /* EAIT.cpp */ = {isa = PBXFileReference; fileEncoding = 4; lastKnownFileType = sourcecode.cpp.cpp; path = EAIT.cpp; sourceTree = "<group>"; };
		8342DC221614A12B00BD17A1 /* EAIT.h */ = {isa = PBXFileReference; fileEncoding = 4; lastKnownFileType = sourcecode.c.h; path = EAIT.h; sourceTree = "<group>"; };
		8342DC231614A12B00BD17A1 /* Smoothing.h */ = {isa = PBXFileReference; fileEncoding = 4; lastKnownFileType = sourcecode.c.h; path = Smoothing.h; sourceTree = "<group>"; };
		8342DC241614A12B00BD17A1 /* Trig.cpp */ = {isa = PBXFileReference; fileEncoding = 4; lastKnownFileType = sourcecode.cpp.cpp; path = Trig.cpp; sourceTree = "<group>"; };
		8342DC251614A12B00BD17A1 /* Trig.h */ = {isa = PBXFileReference; fileEncoding = 4; lastKnownFileType = sourcecode.c.h; path = Trig.h; sourceTree = "<group>"; };
		8345A39F1771F63100A9D309 /* Default.png */ = {isa = PBXFileReference; lastKnownFileType = image.png; path = Default.png; sourceTree = "<group>"; };
		8345A3A11771F64600A9D309 /* Icon.png */ = {isa = PBXFileReference; lastKnownFileType = image.png; path = Icon.png; sourceTree = "<group>"; };
		8345A3A31771F80700A9D309 /* icon72.png */ = {isa = PBXFileReference; lastKnownFileType = image.png; path = icon72.png; sourceTree = "<group>"; };
		8345A3A51771F80C00A9D309 /* icon144.png */ = {isa = PBXFileReference; lastKnownFileType = image.png; path = icon144.png; sourceTree = "<group>"; };
		8345A3A817731CB400A9D309 /* supervisorMenu.cpp */ = {isa = PBXFileReference; fileEncoding = 4; lastKnownFileType = sourcecode.cpp.cpp; path = supervisorMenu.cpp; sourceTree = "<group>"; };
		8345A3A917731CB400A9D309 /* supervisorMenu.h */ = {isa = PBXFileReference; fileEncoding = 4; lastKnownFileType = sourcecode.c.h; path = supervisorMenu.h; sourceTree = "<group>"; };
		8345A3AC17731DAB00A9D309 /* EAVIGUI.panel.cpp */ = {isa = PBXFileReference; fileEncoding = 4; lastKnownFileType = sourcecode.cpp.cpp; path = EAVIGUI.panel.cpp; sourceTree = "<group>"; };
		8345A3AD17731DAB00A9D309 /* EAVIGUI.panel.h */ = {isa = PBXFileReference; fileEncoding = 4; lastKnownFileType = sourcecode.c.h; path = EAVIGUI.panel.h; sourceTree = "<group>"; };
		8345A3AF17733D5500A9D309 /* EAVIGUI.checkbox.cpp */ = {isa = PBXFileReference; fileEncoding = 4; lastKnownFileType = sourcecode.cpp.cpp; path = EAVIGUI.checkbox.cpp; sourceTree = "<group>"; };
		8345A3B017733D5600A9D309 /* EAVIGUI.checkbox.h */ = {isa = PBXFileReference; fileEncoding = 4; lastKnownFileType = sourcecode.c.h; path = EAVIGUI.checkbox.h; sourceTree = "<group>"; };
		8345A3B317735DA900A9D309 /* recordVisualiser.cpp */ = {isa = PBXFileReference; fileEncoding = 4; lastKnownFileType = sourcecode.cpp.cpp; path = recordVisualiser.cpp; sourceTree = "<group>"; };
		8345A3B417735DA900A9D309 /* recordVisualiser.h */ = {isa = PBXFileReference; fileEncoding = 4; lastKnownFileType = sourcecode.c.h; path = recordVisualiser.h; sourceTree = "<group>"; };
		8378A46415E2507E00A92A95 /* fft.cpp */ = {isa = PBXFileReference; fileEncoding = 4; lastKnownFileType = sourcecode.cpp.cpp; path = fft.cpp; sourceTree = "<group>"; };
		8378A46515E2507E00A92A95 /* fft.h */ = {isa = PBXFileReference; fileEncoding = 4; lastKnownFileType = sourcecode.c.h; path = fft.h; sourceTree = "<group>"; };
		8378A46615E2507E00A92A95 /* maxiAtoms.cpp */ = {isa = PBXFileReference; fileEncoding = 4; lastKnownFileType = sourcecode.cpp.cpp; path = maxiAtoms.cpp; sourceTree = "<group>"; };
		8378A46715E2507E00A92A95 /* maxiAtoms.h */ = {isa = PBXFileReference; fileEncoding = 4; lastKnownFileType = sourcecode.c.h; path = maxiAtoms.h; sourceTree = "<group>"; };
		8378A46815E2507E00A92A95 /* maxiFFT.cpp */ = {isa = PBXFileReference; fileEncoding = 4; lastKnownFileType = sourcecode.cpp.cpp; path = maxiFFT.cpp; sourceTree = "<group>"; };
		8378A46915E2507E00A92A95 /* maxiFFT.h */ = {isa = PBXFileReference; fileEncoding = 4; lastKnownFileType = sourcecode.c.h; path = maxiFFT.h; sourceTree = "<group>"; };
		8378A46A15E2507E00A92A95 /* maxiGrains.cpp */ = {isa = PBXFileReference; fileEncoding = 4; lastKnownFileType = sourcecode.cpp.cpp; path = maxiGrains.cpp; sourceTree = "<group>"; };
		8378A46B15E2507E00A92A95 /* maxiGrains.h */ = {isa = PBXFileReference; fileEncoding = 4; lastKnownFileType = sourcecode.c.h; path = maxiGrains.h; sourceTree = "<group>"; };
		8378A46C15E2507E00A92A95 /* maxiMFCC.cpp */ = {isa = PBXFileReference; fileEncoding = 4; lastKnownFileType = sourcecode.cpp.cpp; path = maxiMFCC.cpp; sourceTree = "<group>"; };
		8378A46D15E2507E00A92A95 /* maxiMFCC.h */ = {isa = PBXFileReference; fileEncoding = 4; lastKnownFileType = sourcecode.c.h; path = maxiMFCC.h; sourceTree = "<group>"; };
		8378A46E15E2507E00A92A95 /* maximilian.cpp */ = {isa = PBXFileReference; fileEncoding = 4; lastKnownFileType = sourcecode.cpp.cpp; path = maximilian.cpp; sourceTree = "<group>"; };
		8378A46F15E2507E00A92A95 /* maximilian.h */ = {isa = PBXFileReference; fileEncoding = 4; lastKnownFileType = sourcecode.c.h; path = maximilian.h; sourceTree = "<group>"; };
		8378A47015E2507E00A92A95 /* sineTable.h */ = {isa = PBXFileReference; fileEncoding = 4; lastKnownFileType = sourcecode.c.h; path = sineTable.h; sourceTree = "<group>"; };
		8378A47115E2507E00A92A95 /* stb_vorbis.c */ = {isa = PBXFileReference; fileEncoding = 4; lastKnownFileType = sourcecode.c.c; path = stb_vorbis.c; sourceTree = "<group>"; };
		8378A47215E2507E00A92A95 /* stb_vorbis.h */ = {isa = PBXFileReference; fileEncoding = 4; lastKnownFileType = sourcecode.c.h; path = stb_vorbis.h; sourceTree = "<group>"; };
		8378A47A15E2507E00A92A95 /* ofxMaxim.h */ = {isa = PBXFileReference; fileEncoding = 4; lastKnownFileType = sourcecode.c.h; path = ofxMaxim.h; sourceTree = "<group>"; };
		8378A48415E2515C00A92A95 /* Accelerate.framework */ = {isa = PBXFileReference; lastKnownFileType = wrapper.framework; name = Accelerate.framework; path = System/Library/Frameworks/Accelerate.framework; sourceTree = SDKROOT; };
		8378A51115E27EA300A92A95 /* SonicTag3.h */ = {isa = PBXFileReference; lastKnownFileType = sourcecode.c.h; path = SonicTag3.h; sourceTree = "<group>"; };
		8378A51215E27FBD00A92A95 /* SonicTag3.mm */ = {isa = PBXFileReference; fileEncoding = 4; lastKnownFileType = sourcecode.cpp.objcpp; path = SonicTag3.mm; sourceTree = "<group>"; };
		839B03A8177CA32500D5FA4D /* mapControl.cpp */ = {isa = PBXFileReference; fileEncoding = 4; lastKnownFileType = sourcecode.cpp.cpp; path = mapControl.cpp; sourceTree = "<group>"; };
		839B03A9177CA32500D5FA4D /* mapControl.h */ = {isa = PBXFileReference; fileEncoding = 4; lastKnownFileType = sourcecode.c.h; path = mapControl.h; sourceTree = "<group>"; };
		839B03AD177DD20B00D5FA4D /* Default-Portrait~ipad.png */ = {isa = PBXFileReference; lastKnownFileType = image.png; path = "Default-Portrait~ipad.png"; sourceTree = "<group>"; };
		839B03AF177DD21200D5FA4D /* Default-Portrait@2x~ipad.png */ = {isa = PBXFileReference; lastKnownFileType = image.png; path = "Default-Portrait@2x~ipad.png"; sourceTree = "<group>"; };
		839B03B1177DE2EB00D5FA4D /* sceneLoop.cpp */ = {isa = PBXFileReference; fileEncoding = 4; lastKnownFileType = sourcecode.cpp.cpp; path = sceneLoop.cpp; sourceTree = "<group>"; };
		839B03B2177DE2EC00D5FA4D /* sceneLoop.h */ = {isa = PBXFileReference; fileEncoding = 4; lastKnownFileType = sourcecode.c.h; path = sceneLoop.h; sourceTree = "<group>"; };
		839B03B4177DEA7500D5FA4D /* loopControl.cpp */ = {isa = PBXFileReference; fileEncoding = 4; lastKnownFileType = sourcecode.cpp.cpp; path = loopControl.cpp; sourceTree = "<group>"; };
		839B03B5177DEA7500D5FA4D /* loopControl.h */ = {isa = PBXFileReference; fileEncoding = 4; lastKnownFileType = sourcecode.c.h; path = loopControl.h; sourceTree = "<group>"; };
		83E4733C1761E0CA0008C273 /* audioCatalogue.h */ = {isa = PBXFileReference; fileEncoding = 4; lastKnownFileType = sourcecode.c.h; path = audioCatalogue.h; sourceTree = "<group>"; };
		83E4733D1761E0CA0008C273 /* audioCatalogue.mm */ = {isa = PBXFileReference; fileEncoding = 4; lastKnownFileType = sourcecode.cpp.objcpp; path = audioCatalogue.mm; sourceTree = "<group>"; };
		83E4733E1761E0CA0008C273 /* audioFiles.h */ = {isa = PBXFileReference; fileEncoding = 4; lastKnownFileType = sourcecode.c.h; path = audioFiles.h; sourceTree = "<group>"; };
		83E4733F1761E0CA0008C273 /* audioFiles.mm */ = {isa = PBXFileReference; fileEncoding = 4; lastKnownFileType = sourcecode.cpp.objcpp; path = audioFiles.mm; sourceTree = "<group>"; };
		83E473401761E0CA0008C273 /* audioProcessor.h */ = {isa = PBXFileReference; fileEncoding = 4; lastKnownFileType = sourcecode.c.h; path = audioProcessor.h; sourceTree = "<group>"; };
		83E473411761E0CA0008C273 /* baseScene.cpp */ = {isa = PBXFileReference; fileEncoding = 4; lastKnownFileType = sourcecode.cpp.cpp; path = baseScene.cpp; sourceTree = "<group>"; };
		83E473421761E0CA0008C273 /* baseScene.h */ = {isa = PBXFileReference; fileEncoding = 4; lastKnownFileType = sourcecode.c.h; path = baseScene.h; sourceTree = "<group>"; };
		83E473431761E0CA0008C273 /* circularDial.cpp */ = {isa = PBXFileReference; fileEncoding = 4; lastKnownFileType = sourcecode.cpp.cpp; path = circularDial.cpp; sourceTree = "<group>"; };
		83E473441761E0CA0008C273 /* circularDial.h */ = {isa = PBXFileReference; fileEncoding = 4; lastKnownFileType = sourcecode.c.h; path = circularDial.h; sourceTree = "<group>"; };
		83E473451761E0CA0008C273 /* SonicTag3App.h */ = {isa = PBXFileReference; fileEncoding = 4; lastKnownFileType = sourcecode.c.h; path = SonicTag3App.h; sourceTree = "<group>"; };
		83E473461761E0CA0008C273 /* SonicTag3App.mm */ = {isa = PBXFileReference; fileEncoding = 4; lastKnownFileType = sourcecode.cpp.objcpp; path = SonicTag3App.mm; sourceTree = "<group>"; };
		83E473471761E0CA0008C273 /* DRSGrains.h */ = {isa = PBXFileReference; fileEncoding = 4; lastKnownFileType = sourcecode.c.h; path = DRSGrains.h; sourceTree = "<group>"; };
		83E4735F1761E29D0008C273 /* MfccVisualiser.cpp */ = {isa = PBXFileReference; fileEncoding = 4; lastKnownFileType = sourcecode.cpp.cpp; path = MfccVisualiser.cpp; sourceTree = "<group>"; };
		83E473601761E29D0008C273 /* MfccVisualiser.h */ = {isa = PBXFileReference; fileEncoding = 4; lastKnownFileType = sourcecode.c.h; path = MfccVisualiser.h; sourceTree = "<group>"; };
		83E4736A1761E2CC0008C273 /* log.h */ = {isa = PBXFileReference; fileEncoding = 4; lastKnownFileType = sourcecode.c.h; path = log.h; sourceTree = "<group>"; };
		83E4736B1761E2CC0008C273 /* log.mm */ = {isa = PBXFileReference; fileEncoding = 4; lastKnownFileType = sourcecode.cpp.objcpp; path = log.mm; sourceTree = "<group>"; };
		83E4736C1761E2CC0008C273 /* RadialScratchSurface.cpp */ = {isa = PBXFileReference; fileEncoding = 4; lastKnownFileType = sourcecode.cpp.cpp; path = RadialScratchSurface.cpp; sourceTree = "<group>"; };
		83E4736D1761E2CC0008C273 /* RadialScratchSurface.h */ = {isa = PBXFileReference; fileEncoding = 4; lastKnownFileType = sourcecode.c.h; path = RadialScratchSurface.h; sourceTree = "<group>"; };
		83E4736E1761E2CC0008C273 /* sceneAccelPitch.h */ = {isa = PBXFileReference; fileEncoding = 4; lastKnownFileType = sourcecode.c.h; path = sceneAccelPitch.h; sourceTree = "<group>"; };
		83E4736F1761E2CC0008C273 /* sceneAccelPitch.mm */ = {isa = PBXFileReference; fileEncoding = 4; lastKnownFileType = sourcecode.cpp.objcpp; path = sceneAccelPitch.mm; sourceTree = "<group>"; };
		83E473701761E2CC0008C273 /* sceneAccelPitchStretch.h */ = {isa = PBXFileReference; fileEncoding = 4; lastKnownFileType = sourcecode.c.h; path = sceneAccelPitchStretch.h; sourceTree = "<group>"; };
		83E473711761E2CC0008C273 /* sceneAccelPitchStretch.mm */ = {isa = PBXFileReference; fileEncoding = 4; lastKnownFileType = sourcecode.cpp.objcpp; path = sceneAccelPitchStretch.mm; sourceTree = "<group>"; };
		83E473721761E2CC0008C273 /* sceneAccelStretch.h */ = {isa = PBXFileReference; fileEncoding = 4; lastKnownFileType = sourcecode.c.h; path = sceneAccelStretch.h; sourceTree = "<group>"; };
		83E473731761E2CC0008C273 /* sceneAccelStretch.mm */ = {isa = PBXFileReference; fileEncoding = 4; lastKnownFileType = sourcecode.cpp.objcpp; path = sceneAccelStretch.mm; sourceTree = "<group>"; };
		83E473741761E2CC0008C273 /* sceneDistort.cpp */ = {isa = PBXFileReference; fileEncoding = 4; lastKnownFileType = sourcecode.cpp.cpp; path = sceneDistort.cpp; sourceTree = "<group>"; };
		83E473751761E2CC0008C273 /* sceneDistort.h */ = {isa = PBXFileReference; fileEncoding = 4; lastKnownFileType = sourcecode.c.h; path = sceneDistort.h; sourceTree = "<group>"; };
		83E473761761E2CC0008C273 /* sceneFilter.cpp */ = {isa = PBXFileReference; fileEncoding = 4; lastKnownFileType = sourcecode.cpp.cpp; path = sceneFilter.cpp; sourceTree = "<group>"; };
		83E473771761E2CC0008C273 /* sceneFilter.h */ = {isa = PBXFileReference; fileEncoding = 4; lastKnownFileType = sourcecode.c.h; path = sceneFilter.h; sourceTree = "<group>"; };
		83E473781761E2CC0008C273 /* sceneFingerPitch.h */ = {isa = PBXFileReference; fileEncoding = 4; lastKnownFileType = sourcecode.c.h; path = sceneFingerPitch.h; sourceTree = "<group>"; };
		83E473791761E2CC0008C273 /* sceneFingerPitch.mm */ = {isa = PBXFileReference; fileEncoding = 4; lastKnownFileType = sourcecode.cpp.objcpp; path = sceneFingerPitch.mm; sourceTree = "<group>"; };
		83E4737A1761E2CC0008C273 /* sceneFingerPitchStretch.h */ = {isa = PBXFileReference; fileEncoding = 4; lastKnownFileType = sourcecode.c.h; path = sceneFingerPitchStretch.h; sourceTree = "<group>"; };
		83E4737B1761E2CC0008C273 /* sceneFingerPitchStretch.mm */ = {isa = PBXFileReference; fileEncoding = 4; lastKnownFileType = sourcecode.cpp.objcpp; path = sceneFingerPitchStretch.mm; sourceTree = "<group>"; };
		83E4737C1761E2CC0008C273 /* sceneFingerPlay.h */ = {isa = PBXFileReference; fileEncoding = 4; lastKnownFileType = sourcecode.c.h; path = sceneFingerPlay.h; sourceTree = "<group>"; };
		83E4737D1761E2CC0008C273 /* sceneFingerPlay.mm */ = {isa = PBXFileReference; fileEncoding = 4; lastKnownFileType = sourcecode.cpp.objcpp; path = sceneFingerPlay.mm; sourceTree = "<group>"; };
		83E4737E1761E2CC0008C273 /* sceneFingerPlayPitch.h */ = {isa = PBXFileReference; fileEncoding = 4; lastKnownFileType = sourcecode.c.h; path = sceneFingerPlayPitch.h; sourceTree = "<group>"; };
		83E4737F1761E2CC0008C273 /* sceneFingerPlayPitch.mm */ = {isa = PBXFileReference; fileEncoding = 4; lastKnownFileType = sourcecode.cpp.objcpp; path = sceneFingerPlayPitch.mm; sourceTree = "<group>"; };
		83E473801761E2CC0008C273 /* sceneFingerStretch.h */ = {isa = PBXFileReference; fileEncoding = 4; lastKnownFileType = sourcecode.c.h; path = sceneFingerStretch.h; sourceTree = "<group>"; };
		83E473811761E2CC0008C273 /* sceneFingerStretch.mm */ = {isa = PBXFileReference; fileEncoding = 4; lastKnownFileType = sourcecode.cpp.objcpp; path = sceneFingerStretch.mm; sourceTree = "<group>"; };
		83E473821761E2CC0008C273 /* sceneGain.h */ = {isa = PBXFileReference; fileEncoding = 4; lastKnownFileType = sourcecode.c.h; path = sceneGain.h; sourceTree = "<group>"; };
		83E473831761E2CC0008C273 /* sceneGain.mm */ = {isa = PBXFileReference; fileEncoding = 4; lastKnownFileType = sourcecode.cpp.objcpp; path = sceneGain.mm; sourceTree = "<group>"; };
		83E473841761E2CC0008C273 /* sceneLoopRecord.h */ = {isa = PBXFileReference; fileEncoding = 4; lastKnownFileType = sourcecode.c.h; path = sceneLoopRecord.h; sourceTree = "<group>"; };
		83E473851761E2CC0008C273 /* sceneLoopRecord.mm */ = {isa = PBXFileReference; fileEncoding = 4; lastKnownFileType = sourcecode.cpp.objcpp; path = sceneLoopRecord.mm; sourceTree = "<group>"; };
		83E473861761E2CC0008C273 /* scenePlay.h */ = {isa = PBXFileReference; fileEncoding = 4; lastKnownFileType = sourcecode.c.h; path = scenePlay.h; sourceTree = "<group>"; };
		83E473871761E2CC0008C273 /* scenePlay.mm */ = {isa = PBXFileReference; fileEncoding = 4; lastKnownFileType = sourcecode.cpp.objcpp; path = scenePlay.mm; sourceTree = "<group>"; };
		83E473881761E2CC0008C273 /* sceneRecord.h */ = {isa = PBXFileReference; fileEncoding = 4; lastKnownFileType = sourcecode.c.h; path = sceneRecord.h; sourceTree = "<group>"; };
		83E473891761E2CC0008C273 /* sceneRecord.mm */ = {isa = PBXFileReference; fileEncoding = 4; lastKnownFileType = sourcecode.cpp.objcpp; path = sceneRecord.mm; sourceTree = "<group>"; };
		83E4738A1761E2CC0008C273 /* MIRListener.h */ = {isa = PBXFileReference; fileEncoding = 4; lastKnownFileType = sourcecode.c.h; path = MIRListener.h; sourceTree = "<group>"; };
		83E4738B1761E2CC0008C273 /* sharedData.h */ = {isa = PBXFileReference; fileEncoding = 4; lastKnownFileType = sourcecode.c.h; path = sharedData.h; sourceTree = "<group>"; };
		83E4738C1761E2CC0008C273 /* visualiser.cpp */ = {isa = PBXFileReference; fileEncoding = 4; lastKnownFileType = sourcecode.cpp.cpp; path = visualiser.cpp; sourceTree = "<group>"; };
		83E4738D1761E2CC0008C273 /* visualiser.h */ = {isa = PBXFileReference; fileEncoding = 4; lastKnownFileType = sourcecode.c.h; path = visualiser.h; sourceTree = "<group>"; };
		83E4738E1761E2CC0008C273 /* waveform.cpp */ = {isa = PBXFileReference; fileEncoding = 4; lastKnownFileType = sourcecode.cpp.cpp; path = waveform.cpp; sourceTree = "<group>"; };
		83E4738F1761E2CC0008C273 /* waveform.h */ = {isa = PBXFileReference; fileEncoding = 4; lastKnownFileType = sourcecode.c.h; path = waveform.h; sourceTree = "<group>"; };
		83E473AD176609AF0008C273 /* BLEScanner.h */ = {isa = PBXFileReference; fileEncoding = 4; lastKnownFileType = sourcecode.c.h; path = BLEScanner.h; sourceTree = "<group>"; };
		83E473AE176609AF0008C273 /* BLEScanner.mm */ = {isa = PBXFileReference; fileEncoding = 4; lastKnownFileType = sourcecode.cpp.objcpp; path = BLEScanner.mm; sourceTree = "<group>"; };
		83E473AF176609AF0008C273 /* nbStream.h */ = {isa = PBXFileReference; fileEncoding = 4; lastKnownFileType = sourcecode.c.h; path = nbStream.h; sourceTree = "<group>"; };
		83E473B0176609AF0008C273 /* nbStream.cpp */ = {isa = PBXFileReference; fileEncoding = 4; lastKnownFileType = sourcecode.cpp.cpp; path = nbStream.cpp; sourceTree = "<group>"; };
		83E473B317660C3C0008C273 /* CoreBluetooth.framework */ = {isa = PBXFileReference; lastKnownFileType = wrapper.framework; name = CoreBluetooth.framework; path = System/Library/Frameworks/CoreBluetooth.framework; sourceTree = SDKROOT; };
		BB16EBD10F2B2A9500518274 /* OpenGLES.framework */ = {isa = PBXFileReference; lastKnownFileType = wrapper.framework; name = OpenGLES.framework; path = System/Library/Frameworks/OpenGLES.framework; sourceTree = SDKROOT; };
		BB16EBD80F2B2AB500518274 /* QuartzCore.framework */ = {isa = PBXFileReference; lastKnownFileType = wrapper.framework; name = QuartzCore.framework; path = System/Library/Frameworks/QuartzCore.framework; sourceTree = SDKROOT; };
		BB24DD8C10DA77E000E9C588 /* Default.png */ = {isa = PBXFileReference; lastKnownFileType = image.png; path = Default.png; sourceTree = "<group>"; };
		BB24DD8D10DA77E000E9C588 /* Icon.png */ = {isa = PBXFileReference; lastKnownFileType = image.png; path = Icon.png; sourceTree = "<group>"; };
		BB24DDC910DA781C00E9C588 /* ofxiphone-Info.plist */ = {isa = PBXFileReference; fileEncoding = 4; lastKnownFileType = text.plist.xml; path = "ofxiphone-Info.plist"; sourceTree = "<group>"; };
		BBE5EAB70F49AD8400F28951 /* AudioToolbox.framework */ = {isa = PBXFileReference; lastKnownFileType = wrapper.framework; name = AudioToolbox.framework; path = System/Library/Frameworks/AudioToolbox.framework; sourceTree = SDKROOT; };
		E41D3ED613B38FB500A75A5D /* Project.xcconfig */ = {isa = PBXFileReference; fileEncoding = 4; lastKnownFileType = text.xcconfig; path = Project.xcconfig; sourceTree = "<group>"; };
		E41D3EE513B3906D00A75A5D /* CoreOF.xcconfig */ = {isa = PBXFileReference; fileEncoding = 4; lastKnownFileType = text.xcconfig; name = CoreOF.xcconfig; path = ../../../libs/openFrameworksCompiled/project/ios/CoreOF.xcconfig; sourceTree = SOURCE_ROOT; };
		E41D400613B39D2100A75A5D /* AVFoundation.framework */ = {isa = PBXFileReference; lastKnownFileType = wrapper.framework; name = AVFoundation.framework; path = System/Library/Frameworks/AVFoundation.framework; sourceTree = SDKROOT; };
		E41D400713B39D2100A75A5D /* CoreMedia.framework */ = {isa = PBXFileReference; lastKnownFileType = wrapper.framework; name = CoreMedia.framework; path = System/Library/Frameworks/CoreMedia.framework; sourceTree = SDKROOT; };
		E41D400813B39D2100A75A5D /* CoreVideo.framework */ = {isa = PBXFileReference; lastKnownFileType = wrapper.framework; name = CoreVideo.framework; path = System/Library/Frameworks/CoreVideo.framework; sourceTree = SDKROOT; };
		E41D400913B39D2100A75A5D /* MapKit.framework */ = {isa = PBXFileReference; lastKnownFileType = wrapper.framework; name = MapKit.framework; path = System/Library/Frameworks/MapKit.framework; sourceTree = SDKROOT; };
		E41D40FD13B3A0D800A75A5D /* iOS+OFLib.xcodeproj */ = {isa = PBXFileReference; lastKnownFileType = "wrapper.pb-project"; name = "iOS+OFLib.xcodeproj"; path = "../../../libs/openFrameworksCompiled/project/ios/iOS+OFLib.xcodeproj"; sourceTree = SOURCE_ROOT; };
		E4A823A312561BE3002F86A2 /* CoreGraphics.framework */ = {isa = PBXFileReference; lastKnownFileType = wrapper.framework; name = CoreGraphics.framework; path = System/Library/Frameworks/CoreGraphics.framework; sourceTree = SDKROOT; };
		E4D8936B11527B74007E1F53 /* main.mm */ = {isa = PBXFileReference; fileEncoding = 4; lastKnownFileType = sourcecode.cpp.objcpp; name = main.mm; path = src/main.mm; sourceTree = SOURCE_ROOT; };
/* End PBXFileReference section */

/* Begin PBXFrameworksBuildPhase section */
		1D60588F0D05DD3D006BFB54 /* Frameworks */ = {
			isa = PBXFrameworksBuildPhase;
			buildActionMask = 2147483647;
			files = (
				83E473B417660C3C0008C273 /* CoreBluetooth.framework in Frameworks */,
				8378A48515E2515C00A92A95 /* Accelerate.framework in Frameworks */,
				E41D421413B3A95300A75A5D /* libofxiPhone_iphoneos_Debug.a in Frameworks */,
				1D60589F0D05DD5A006BFB54 /* Foundation.framework in Frameworks */,
				1DF5F4E00D08C38300B7A737 /* UIKit.framework in Frameworks */,
				288765FD0DF74451002DB57D /* CoreGraphics.framework in Frameworks */,
				BB16EBD20F2B2A9500518274 /* OpenGLES.framework in Frameworks */,
				BB16EBD90F2B2AB500518274 /* QuartzCore.framework in Frameworks */,
				BBE5EAB80F49AD8400F28951 /* AudioToolbox.framework in Frameworks */,
				53F323EB10A20EDB00E0DAE4 /* OpenAL.framework in Frameworks */,
				5326AEA810A23A0500278DE6 /* CoreLocation.framework in Frameworks */,
				E4A823A412561BE3002F86A2 /* CoreGraphics.framework in Frameworks */,
				E41D400B13B39D2100A75A5D /* AVFoundation.framework in Frameworks */,
				E41D400C13B39D2100A75A5D /* CoreMedia.framework in Frameworks */,
				E41D400D13B39D2100A75A5D /* CoreVideo.framework in Frameworks */,
				E41D400E13B39D2100A75A5D /* MapKit.framework in Frameworks */,
			);
			runOnlyForDeploymentPostprocessing = 0;
		};
/* End PBXFrameworksBuildPhase section */

/* Begin PBXGroup section */
		19C28FACFE9D520D11CA2CBB /* Products */ = {
			isa = PBXGroup;
			children = (
				1D6058910D05DD3D006BFB54 /* SonicTag3.app */,
			);
			name = Products;
			sourceTree = "<group>";
		};
		29B97314FDCFA39411CA2CEA /* CustomTemplate */ = {
			isa = PBXGroup;
			children = (
				839B03AF177DD21200D5FA4D /* Default-Portrait@2x~ipad.png */,
				839B03AD177DD20B00D5FA4D /* Default-Portrait~ipad.png */,
				8345A3A51771F80C00A9D309 /* icon144.png */,
				8345A3A31771F80700A9D309 /* icon72.png */,
				8345A3A11771F64600A9D309 /* Icon.png */,
				8345A39F1771F63100A9D309 /* Default.png */,
				83E473B317660C3C0008C273 /* CoreBluetooth.framework */,
				8378A48415E2515C00A92A95 /* Accelerate.framework */,
				E4D8936A11527B74007E1F53 /* src */,
				BB24DD8B10DA77E000E9C588 /* data */,
				BB24E1F710DAA51900E9C588 /* openFrameworks */,
				BB16F26B0F2B646B00518274 /* addons */,
				BB16E9930F2B1E5900518274 /* libs */,
				19C28FACFE9D520D11CA2CBB /* Products */,
			);
			name = CustomTemplate;
			sourceTree = "<group>";
		};
		29B97323FDCFA39411CA2CEA /* core frameworks */ = {
			isa = PBXGroup;
			children = (
				E41D400613B39D2100A75A5D /* AVFoundation.framework */,
				E41D400713B39D2100A75A5D /* CoreMedia.framework */,
				E41D400813B39D2100A75A5D /* CoreVideo.framework */,
				E41D400913B39D2100A75A5D /* MapKit.framework */,
				53F323EA10A20EDB00E0DAE4 /* OpenAL.framework */,
				E4A823A312561BE3002F86A2 /* CoreGraphics.framework */,
				BBE5EAB70F49AD8400F28951 /* AudioToolbox.framework */,
				BB16EBD80F2B2AB500518274 /* QuartzCore.framework */,
				BB16EBD10F2B2A9500518274 /* OpenGLES.framework */,
				1DF5F4DF0D08C38300B7A737 /* UIKit.framework */,
				1D30AB110D05D00D00671497 /* Foundation.framework */,
				288765FC0DF74451002DB57D /* CoreGraphics.framework */,
				5326AEA710A23A0500278DE6 /* CoreLocation.framework */,
			);
			name = "core frameworks";
			sourceTree = "<group>";
		};
		83039CC81771EF9B00A4BCFF /* ofxEAVIGUI */ = {
			isa = PBXGroup;
			children = (
				83039CC91771EF9B00A4BCFF /* .gitignore */,
				83039CCA1771EF9B00A4BCFF /* README.md */,
				83039CCB1771EF9B00A4BCFF /* src */,
			);
			name = ofxEAVIGUI;
			path = ../../../addons/ofxEAVIGUI;
			sourceTree = "<group>";
		};
		83039CCB1771EF9B00A4BCFF /* src */ = {
			isa = PBXGroup;
			children = (
				83039CCC1771EF9B00A4BCFF /* EAVIGUI.baseEffect.cpp */,
				83039CCD1771EF9B00A4BCFF /* EAVIGUI.baseEffect.h */,
				83039CCE1771EF9B00A4BCFF /* EAVIGUI.geomFunctions.h */,
				83039CCF1771EF9B00A4BCFF /* EAVIGUI.highLightEffect.cpp */,
				83039CD01771EF9B00A4BCFF /* EAVIGUI.highLightEffect.h */,
				83039CD11771EF9B00A4BCFF /* EAVIGUI.imageButton.cpp */,
				83039CD21771EF9B00A4BCFF /* EAVIGUI.imageButton.h */,
				83039CD31771EF9B00A4BCFF /* EAVIGUI.interfaceManager.cpp */,
				83039CD41771EF9B00A4BCFF /* EAVIGUI.interfaceManager.h */,
				83039CD51771EF9B00A4BCFF /* EAVIGUI.interfaceObject.cpp */,
				83039CD61771EF9B00A4BCFF /* EAVIGUI.interfaceObject.h */,
				83039CD71771EF9B00A4BCFF /* EAVIGUI.label.cpp */,
				83039CD81771EF9B00A4BCFF /* EAVIGUI.label.h */,
				8345A3AC17731DAB00A9D309 /* EAVIGUI.panel.cpp */,
				8345A3AD17731DAB00A9D309 /* EAVIGUI.panel.h */,
				8345A3AF17733D5500A9D309 /* EAVIGUI.checkbox.cpp */,
				8345A3B017733D5600A9D309 /* EAVIGUI.checkbox.h */,
			);
			path = src;
			sourceTree = "<group>";
		};
		8342DC0E1614A05800BD17A1 /* app */ = {
			isa = PBXGroup;
			children = (
				83E473AC1766099C0008C273 /* BLE */,
				83E4736A1761E2CC0008C273 /* log.h */,
				83E4736B1761E2CC0008C273 /* log.mm */,
				83E4736E1761E2CC0008C273 /* sceneAccelPitch.h */,
				83E4736F1761E2CC0008C273 /* sceneAccelPitch.mm */,
				83E473701761E2CC0008C273 /* sceneAccelPitchStretch.h */,
				83E473711761E2CC0008C273 /* sceneAccelPitchStretch.mm */,
				83E473721761E2CC0008C273 /* sceneAccelStretch.h */,
				83E473731761E2CC0008C273 /* sceneAccelStretch.mm */,
				83E473741761E2CC0008C273 /* sceneDistort.cpp */,
				83E473751761E2CC0008C273 /* sceneDistort.h */,
				83E473761761E2CC0008C273 /* sceneFilter.cpp */,
				83E473771761E2CC0008C273 /* sceneFilter.h */,
				83E473781761E2CC0008C273 /* sceneFingerPitch.h */,
				83E473791761E2CC0008C273 /* sceneFingerPitch.mm */,
				83E4737A1761E2CC0008C273 /* sceneFingerPitchStretch.h */,
				83E4737B1761E2CC0008C273 /* sceneFingerPitchStretch.mm */,
				83E4737C1761E2CC0008C273 /* sceneFingerPlay.h */,
				83E4737D1761E2CC0008C273 /* sceneFingerPlay.mm */,
				83E4737E1761E2CC0008C273 /* sceneFingerPlayPitch.h */,
				83E4737F1761E2CC0008C273 /* sceneFingerPlayPitch.mm */,
				83E473801761E2CC0008C273 /* sceneFingerStretch.h */,
				83E473811761E2CC0008C273 /* sceneFingerStretch.mm */,
				8336000F1768E9D100FFD068 /* sceneFilterPlay.h */,
				833600101768E9D300FFD068 /* sceneFilterPlay.mm */,
				833600061768E97900FFD068 /* sceneHPFilterPlay.h */,
				833600071768E97F00FFD068 /* sceneHPFilterPlay.mm */,
				833600081768E98500FFD068 /* sceneFXPlay1.h */,
				833600091768E99100FFD068 /* sceneFXPlay1.mm */,
				8336000A1768E99900FFD068 /* sceneFXPlay2.h */,
				8336000B1768E99D00FFD068 /* sceneFXPlay2.mm */,
				83E473821761E2CC0008C273 /* sceneGain.h */,
				83E473831761E2CC0008C273 /* sceneGain.mm */,
				83E473841761E2CC0008C273 /* sceneLoopRecord.h */,
				83E473851761E2CC0008C273 /* sceneLoopRecord.mm */,
				83E473861761E2CC0008C273 /* scenePlay.h */,
				83E473871761E2CC0008C273 /* scenePlay.mm */,
				839B03B2177DE2EC00D5FA4D /* sceneLoop.h */,
				839B03B1177DE2EB00D5FA4D /* sceneLoop.cpp */,
				83E473881761E2CC0008C273 /* sceneRecord.h */,
				83E473891761E2CC0008C273 /* sceneRecord.mm */,
				83E4738A1761E2CC0008C273 /* MIRListener.h */,
				83E4738B1761E2CC0008C273 /* sharedData.h */,
				83E4738C1761E2CC0008C273 /* visualiser.cpp */,
				83E4738D1761E2CC0008C273 /* visualiser.h */,
				83E4738E1761E2CC0008C273 /* waveform.cpp */,
				83E4738F1761E2CC0008C273 /* waveform.h */,
				83E4733C1761E0CA0008C273 /* audioCatalogue.h */,
				83E4733D1761E0CA0008C273 /* audioCatalogue.mm */,
				83E4733E1761E0CA0008C273 /* audioFiles.h */,
				83E4733F1761E0CA0008C273 /* audioFiles.mm */,
				83E473401761E0CA0008C273 /* audioProcessor.h */,
				83E473411761E0CA0008C273 /* baseScene.cpp */,
				83E473421761E0CA0008C273 /* baseScene.h */,
				83E473451761E0CA0008C273 /* SonicTag3App.h */,
				83E473461761E0CA0008C273 /* SonicTag3App.mm */,
				8345A3A917731CB400A9D309 /* supervisorMenu.h */,
				8345A3A817731CB400A9D309 /* supervisorMenu.cpp */,
				83E473471761E0CA0008C273 /* DRSGrains.h */,
				83E473531761E2860008C273 /* GUI */,
				8342DC201614A12B00BD17A1 /* EAIT */,
			);
			name = app;
			sourceTree = "<group>";
		};
		8342DC201614A12B00BD17A1 /* EAIT */ = {
			isa = PBXGroup;
			children = (
				8342DC211614A12B00BD17A1 /* EAIT.cpp */,
				8342DC221614A12B00BD17A1 /* EAIT.h */,
				8342DC231614A12B00BD17A1 /* Smoothing.h */,
				8342DC241614A12B00BD17A1 /* Trig.cpp */,
				8342DC251614A12B00BD17A1 /* Trig.h */,
			);
			path = EAIT;
			sourceTree = "<group>";
		};
		8378A46115E2507E00A92A95 /* ofxMaxim */ = {
			isa = PBXGroup;
			children = (
				8378A46315E2507E00A92A95 /* libs */,
				8378A47915E2507E00A92A95 /* src */,
			);
			name = ofxMaxim;
			path = ../../../addons/ofxMaxim;
			sourceTree = "<group>";
		};
		8378A46315E2507E00A92A95 /* libs */ = {
			isa = PBXGroup;
			children = (
				8378A46415E2507E00A92A95 /* fft.cpp */,
				8378A46515E2507E00A92A95 /* fft.h */,
				8378A46615E2507E00A92A95 /* maxiAtoms.cpp */,
				8378A46715E2507E00A92A95 /* maxiAtoms.h */,
				8378A46815E2507E00A92A95 /* maxiFFT.cpp */,
				8378A46915E2507E00A92A95 /* maxiFFT.h */,
				8378A46A15E2507E00A92A95 /* maxiGrains.cpp */,
				8378A46B15E2507E00A92A95 /* maxiGrains.h */,
				8378A46C15E2507E00A92A95 /* maxiMFCC.cpp */,
				8378A46D15E2507E00A92A95 /* maxiMFCC.h */,
				8378A46E15E2507E00A92A95 /* maximilian.cpp */,
				8378A46F15E2507E00A92A95 /* maximilian.h */,
				8378A47015E2507E00A92A95 /* sineTable.h */,
				8378A47115E2507E00A92A95 /* stb_vorbis.c */,
				8378A47215E2507E00A92A95 /* stb_vorbis.h */,
			);
			path = libs;
			sourceTree = "<group>";
		};
		8378A47915E2507E00A92A95 /* src */ = {
			isa = PBXGroup;
			children = (
				8378A47A15E2507E00A92A95 /* ofxMaxim.h */,
			);
			path = src;
			sourceTree = "<group>";
		};
		83E473531761E2860008C273 /* GUI */ = {
			isa = PBXGroup;
			children = (
				83E4736D1761E2CC0008C273 /* RadialScratchSurface.h */,
				83E4736C1761E2CC0008C273 /* RadialScratchSurface.cpp */,
				83E473431761E0CA0008C273 /* circularDial.cpp */,
				83E473441761E0CA0008C273 /* circularDial.h */,
				83E4735F1761E29D0008C273 /* MfccVisualiser.cpp */,
				83E473601761E29D0008C273 /* MfccVisualiser.h */,
				8345A3B317735DA900A9D309 /* recordVisualiser.cpp */,
				8345A3B417735DA900A9D309 /* recordVisualiser.h */,
				839B03A8177CA32500D5FA4D /* mapControl.cpp */,
				839B03A9177CA32500D5FA4D /* mapControl.h */,
				839B03B4177DEA7500D5FA4D /* loopControl.cpp */,
				839B03B5177DEA7500D5FA4D /* loopControl.h */,
			);
			name = GUI;
			sourceTree = "<group>";
		};
		83E473AC1766099C0008C273 /* BLE */ = {
			isa = PBXGroup;
			children = (
				83E473AD176609AF0008C273 /* BLEScanner.h */,
				83E473AE176609AF0008C273 /* BLEScanner.mm */,
				83E473AF176609AF0008C273 /* nbStream.h */,
				83E473B0176609AF0008C273 /* nbStream.cpp */,
			);
			name = BLE;
			sourceTree = "<group>";
		};
		BB16E9930F2B1E5900518274 /* libs */ = {
			isa = PBXGroup;
			children = (
				BBE5E94E0F497BD800F28951 /* core */,
			);
			name = libs;
			sourceTree = "<group>";
		};
		BB16F26B0F2B646B00518274 /* addons */ = {
			isa = PBXGroup;
			children = (
				83039CC81771EF9B00A4BCFF /* ofxEAVIGUI */,
				8378A46115E2507E00A92A95 /* ofxMaxim */,
			);
			name = addons;
			sourceTree = "<group>";
		};
		BB24DD8B10DA77E000E9C588 /* data */ = {
			isa = PBXGroup;
			children = (
				BB24DD8C10DA77E000E9C588 /* Default.png */,
				BB24DD8D10DA77E000E9C588 /* Icon.png */,
			);
			name = data;
			path = bin/data;
			sourceTree = "<group>";
		};
		BB24E1F710DAA51900E9C588 /* openFrameworks */ = {
			isa = PBXGroup;
			children = (
				E41D40FD13B3A0D800A75A5D /* iOS+OFLib.xcodeproj */,
				32CA4F630368D1EE00C91783 /* iPhone_Prefix.pch */,
				BB24DDC910DA781C00E9C588 /* ofxiphone-Info.plist */,
				E41D3EE513B3906D00A75A5D /* CoreOF.xcconfig */,
				E41D3ED613B38FB500A75A5D /* Project.xcconfig */,
			);
			name = openFrameworks;
			sourceTree = "<group>";
		};
		BBE5E94E0F497BD800F28951 /* core */ = {
			isa = PBXGroup;
			children = (
				29B97323FDCFA39411CA2CEA /* core frameworks */,
			);
			name = core;
			sourceTree = "<group>";
		};
		E41D40FE13B3A0D800A75A5D /* Products */ = {
			isa = PBXGroup;
			children = (
				E41D410213B3A0D800A75A5D /* libofxiPhone_iphoneos_Debug.a */,
			);
			name = Products;
			sourceTree = "<group>";
		};
		E4D8936A11527B74007E1F53 /* src */ = {
			isa = PBXGroup;
			children = (
				8342DC0E1614A05800BD17A1 /* app */,
				E4D8936B11527B74007E1F53 /* main.mm */,
				8378A51115E27EA300A92A95 /* SonicTag3.h */,
				8378A51215E27FBD00A92A95 /* SonicTag3.mm */,
			);
			path = src;
			sourceTree = SOURCE_ROOT;
		};
/* End PBXGroup section */

/* Begin PBXNativeTarget section */
		1D6058900D05DD3D006BFB54 /* SonicTag */ = {
			isa = PBXNativeTarget;
			buildConfigurationList = 1D6058960D05DD3E006BFB54 /* Build configuration list for PBXNativeTarget "SonicTag" */;
			buildPhases = (
				1D60588D0D05DD3D006BFB54 /* Resources */,
				1D60588E0D05DD3D006BFB54 /* Sources */,
				1D60588F0D05DD3D006BFB54 /* Frameworks */,
				9255DD331112741900D6945E /* ShellScript */,
			);
			buildRules = (
			);
			dependencies = (
				E41D410413B3A11300A75A5D /* PBXTargetDependency */,
			);
			name = SonicTag;
			productName = iPhone;
			productReference = 1D6058910D05DD3D006BFB54 /* SonicTag3.app */;
			productType = "com.apple.product-type.application";
		};
/* End PBXNativeTarget section */

/* Begin PBXProject section */
		29B97313FDCFA39411CA2CEA /* Project object */ = {
			isa = PBXProject;
			buildConfigurationList = C01FCF4E08A954540054247B /* Build configuration list for PBXProject "SonicTag3" */;
			compatibilityVersion = "Xcode 3.1";
			developmentRegion = English;
			hasScannedForEncodings = 1;
			knownRegions = (
				English,
				Japanese,
				French,
				German,
			);
			mainGroup = 29B97314FDCFA39411CA2CEA /* CustomTemplate */;
			projectDirPath = "";
			projectReferences = (
				{
					ProductGroup = E41D40FE13B3A0D800A75A5D /* Products */;
					ProjectRef = E41D40FD13B3A0D800A75A5D /* iOS+OFLib.xcodeproj */;
				},
			);
			projectRoot = "";
			targets = (
				1D6058900D05DD3D006BFB54 /* SonicTag */,
			);
		};
/* End PBXProject section */

/* Begin PBXReferenceProxy section */
		E41D410213B3A0D800A75A5D /* libofxiPhone_iphoneos_Debug.a */ = {
			isa = PBXReferenceProxy;
			fileType = archive.ar;
			path = libofxiPhone_iphoneos_Debug.a;
			remoteRef = E41D410113B3A0D800A75A5D /* PBXContainerItemProxy */;
			sourceTree = BUILT_PRODUCTS_DIR;
		};
/* End PBXReferenceProxy section */

/* Begin PBXResourcesBuildPhase section */
		1D60588D0D05DD3D006BFB54 /* Resources */ = {
			isa = PBXResourcesBuildPhase;
			buildActionMask = 2147483647;
			files = (
				BB24DD8F10DA77E000E9C588 /* Default.png in Resources */,
				BB24DD9010DA77E000E9C588 /* Icon.png in Resources */,
				BB24DDCA10DA781C00E9C588 /* ofxiphone-Info.plist in Resources */,
				E41D3ED713B38FB500A75A5D /* Project.xcconfig in Resources */,
				E41D3EE613B3906D00A75A5D /* CoreOF.xcconfig in Resources */,
				83039CD91771EF9B00A4BCFF /* .gitignore in Resources */,
				83039CDA1771EF9B00A4BCFF /* README.md in Resources */,
				8345A3A01771F63100A9D309 /* Default.png in Resources */,
				8345A3A21771F64600A9D309 /* Icon.png in Resources */,
				8345A3A41771F80700A9D309 /* icon72.png in Resources */,
				8345A3A61771F80C00A9D309 /* icon144.png in Resources */,
				839B03AE177DD20B00D5FA4D /* Default-Portrait~ipad.png in Resources */,
				839B03B0177DD21200D5FA4D /* Default-Portrait@2x~ipad.png in Resources */,
			);
			runOnlyForDeploymentPostprocessing = 0;
		};
/* End PBXResourcesBuildPhase section */

/* Begin PBXShellScriptBuildPhase section */
		9255DD331112741900D6945E /* ShellScript */ = {
			isa = PBXShellScriptBuildPhase;
			buildActionMask = 2147483647;
			files = (
			);
			inputPaths = (
			);
			outputPaths = (
			);
			runOnlyForDeploymentPostprocessing = 0;
			shellPath = /bin/sh;
			shellScript = "cp -rf bin/data/ \"$TARGET_BUILD_DIR/$PRODUCT_NAME.app\"\n";
		};
/* End PBXShellScriptBuildPhase section */

/* Begin PBXSourcesBuildPhase section */
		1D60588E0D05DD3D006BFB54 /* Sources */ = {
			isa = PBXSourcesBuildPhase;
			buildActionMask = 2147483647;
			files = (
				E4D8936E11527B74007E1F53 /* main.mm in Sources */,
				8378A47C15E2507E00A92A95 /* fft.cpp in Sources */,
				8378A47D15E2507E00A92A95 /* maxiAtoms.cpp in Sources */,
				8378A47E15E2507E00A92A95 /* maxiFFT.cpp in Sources */,
				8378A47F15E2507E00A92A95 /* maxiGrains.cpp in Sources */,
				8378A48015E2507E00A92A95 /* maxiMFCC.cpp in Sources */,
				8378A48115E2507E00A92A95 /* maximilian.cpp in Sources */,
				8378A48215E2507E00A92A95 /* stb_vorbis.c in Sources */,
				8378A51315E27FBD00A92A95 /* SonicTag3.mm in Sources */,
				8342DC7F1614A12B00BD17A1 /* EAIT.cpp in Sources */,
				8342DC801614A12B00BD17A1 /* Trig.cpp in Sources */,
				83E473481761E0CA0008C273 /* audioCatalogue.mm in Sources */,
				83E473491761E0CA0008C273 /* audioFiles.mm in Sources */,
				83E4734A1761E0CA0008C273 /* baseScene.cpp in Sources */,
				83E4734B1761E0CA0008C273 /* circularDial.cpp in Sources */,
				83E4734C1761E0CA0008C273 /* SonicTag3App.mm in Sources */,
				83E473661761E29D0008C273 /* MfccVisualiser.cpp in Sources */,
				83E473901761E2CC0008C273 /* log.mm in Sources */,
				83E473911761E2CC0008C273 /* RadialScratchSurface.cpp in Sources */,
				83E473921761E2CC0008C273 /* sceneAccelPitch.mm in Sources */,
				83E473931761E2CC0008C273 /* sceneAccelPitchStretch.mm in Sources */,
				83E473941761E2CC0008C273 /* sceneAccelStretch.mm in Sources */,
				83E473951761E2CC0008C273 /* sceneDistort.cpp in Sources */,
				83E473961761E2CC0008C273 /* sceneFilter.cpp in Sources */,
				83E473971761E2CC0008C273 /* sceneFingerPitch.mm in Sources */,
				83E473981761E2CC0008C273 /* sceneFingerPitchStretch.mm in Sources */,
				83E473991761E2CC0008C273 /* sceneFingerPlay.mm in Sources */,
				83E4739A1761E2CC0008C273 /* sceneFingerPlayPitch.mm in Sources */,
				83E4739B1761E2CC0008C273 /* sceneFingerStretch.mm in Sources */,
				83E4739C1761E2CC0008C273 /* sceneGain.mm in Sources */,
				83E4739D1761E2CC0008C273 /* sceneLoopRecord.mm in Sources */,
				83E4739E1761E2CC0008C273 /* scenePlay.mm in Sources */,
				83E4739F1761E2CC0008C273 /* sceneRecord.mm in Sources */,
				83E473A01761E2CC0008C273 /* visualiser.cpp in Sources */,
				83E473A11761E2CC0008C273 /* waveform.cpp in Sources */,
				83E473B1176609AF0008C273 /* BLEScanner.mm in Sources */,
				83E473B2176609AF0008C273 /* nbStream.cpp in Sources */,
				8336000C1768E9A000FFD068 /* sceneHPFilterPlay.mm in Sources */,
				8336000D1768E9A000FFD068 /* sceneFXPlay1.mm in Sources */,
				8336000E1768E9A000FFD068 /* sceneFXPlay2.mm in Sources */,
				833600111768E9D700FFD068 /* sceneFilterPlay.mm in Sources */,
				83039CDB1771EF9B00A4BCFF /* EAVIGUI.baseEffect.cpp in Sources */,
				83039CDC1771EF9B00A4BCFF /* EAVIGUI.highLightEffect.cpp in Sources */,
				83039CDD1771EF9B00A4BCFF /* EAVIGUI.imageButton.cpp in Sources */,
				83039CDE1771EF9B00A4BCFF /* EAVIGUI.interfaceManager.cpp in Sources */,
				83039CDF1771EF9B00A4BCFF /* EAVIGUI.interfaceObject.cpp in Sources */,
				83039CE01771EF9B00A4BCFF /* EAVIGUI.label.cpp in Sources */,
				8345A3AA17731CB400A9D309 /* supervisorMenu.cpp in Sources */,
				8345A3AE17731DAB00A9D309 /* EAVIGUI.panel.cpp in Sources */,
				8345A3B117733D5700A9D309 /* EAVIGUI.checkbox.cpp in Sources */,
				8345A3B517735DAA00A9D309 /* recordVisualiser.cpp in Sources */,
				839B03AA177CA32500D5FA4D /* mapControl.cpp in Sources */,
				839B03B3177DE2EC00D5FA4D /* sceneLoop.cpp in Sources */,
				839B03B6177DEA7500D5FA4D /* loopControl.cpp in Sources */,
			);
			runOnlyForDeploymentPostprocessing = 0;
		};
/* End PBXSourcesBuildPhase section */

/* Begin PBXTargetDependency section */
		E41D410413B3A11300A75A5D /* PBXTargetDependency */ = {
			isa = PBXTargetDependency;
			name = "iPhone+OF Static Library";
			targetProxy = E41D410313B3A11300A75A5D /* PBXContainerItemProxy */;
		};
/* End PBXTargetDependency section */

/* Begin XCBuildConfiguration section */
		1D6058940D05DD3E006BFB54 /* Debug */ = {
			isa = XCBuildConfiguration;
			buildSettings = {
				ALWAYS_SEARCH_USER_PATHS = NO;
				CLANG_CXX_LANGUAGE_STANDARD = "compiler-default";
				CLANG_CXX_LIBRARY = "compiler-default";
				GCC_PRECOMPILE_PREFIX_HEADER = YES;
				GCC_PREFIX_HEADER = iPhone_Prefix.pch;
				INFOPLIST_FILE = "ofxiphone-Info.plist";
				IPHONEOS_DEPLOYMENT_TARGET = 5.0;
				PRODUCT_NAME = SonicTag3;
				TARGETED_DEVICE_FAMILY = "1,2";
			};
			name = Debug;
		};
		1D6058950D05DD3E006BFB54 /* Release */ = {
			isa = XCBuildConfiguration;
			buildSettings = {
				CLANG_CXX_LANGUAGE_STANDARD = "compiler-default";
				CLANG_CXX_LIBRARY = "compiler-default";
				GCC_PRECOMPILE_PREFIX_HEADER = YES;
				GCC_PREFIX_HEADER = iPhone_Prefix.pch;
				INFOPLIST_FILE = "ofxiphone-Info.plist";
				IPHONEOS_DEPLOYMENT_TARGET = 5.0;
				PRODUCT_NAME = SonicTag3;
				TARGETED_DEVICE_FAMILY = "1,2";
			};
			name = Release;
		};
		C01FCF4F08A954540054247B /* Debug */ = {
			isa = XCBuildConfiguration;
			baseConfigurationReference = E41D3ED613B38FB500A75A5D /* Project.xcconfig */;
			buildSettings = {
				ALWAYS_SEARCH_USER_PATHS = YES;
				ARCHS = "$(ARCHS_STANDARD_32_BIT)";
				CLANG_CXX_LANGUAGE_STANDARD = "c++0x";
				CLANG_CXX_LIBRARY = "libc++";
				CODE_SIGN_IDENTITY = "";
				"CODE_SIGN_IDENTITY[sdk=iphoneos*]" = "iPhone Developer";
				COMPRESS_PNG_FILES = NO;
				GCC_C_LANGUAGE_STANDARD = c99;
				GCC_OPTIMIZATION_LEVEL = 0;
				GCC_SYMBOLS_PRIVATE_EXTERN = NO;
				GCC_WARN_ABOUT_DEPRECATED_FUNCTIONS = NO;
				GCC_WARN_ABOUT_INVALID_OFFSETOF_MACRO = NO;
				GCC_WARN_ABOUT_POINTER_SIGNEDNESS = NO;
				GCC_WARN_ABOUT_RETURN_TYPE = YES;
				GCC_WARN_ALLOW_INCOMPLETE_PROTOCOL = NO;
				GCC_WARN_PROTOTYPE_CONVERSION = NO;
				GCC_WARN_UNUSED_VARIABLE = YES;
				HEADER_SEARCH_PATHS = (
					"$(OF_CORE_HEADERS)",
					src,
				);
				IPHONEOS_DEPLOYMENT_TARGET = 5.0;
				LLVM_LTO = NO;
				ONLY_ACTIVE_ARCH = NO;
				PREBINDING = NO;
				PRODUCT_NAME = "Dean Rodney Singers";
				"PROVISIONING_PROFILE[sdk=iphoneos*]" = "";
				SDKROOT = iphoneos;
				TARGETED_DEVICE_FAMILY = "1,2";
				VALID_ARCHS = armv7;
				WARNING_LDFLAGS = "-no_arch_warnings";
			};
			name = Debug;
		};
		C01FCF5008A954540054247B /* Release */ = {
			isa = XCBuildConfiguration;
			baseConfigurationReference = E41D3ED613B38FB500A75A5D /* Project.xcconfig */;
			buildSettings = {
				ALWAYS_SEARCH_USER_PATHS = YES;
				ARCHS = "$(ARCHS_STANDARD_32_BIT)";
				CLANG_CXX_LANGUAGE_STANDARD = "c++0x";
				CLANG_CXX_LIBRARY = "libc++";
				CODE_SIGN_IDENTITY = "";
				"CODE_SIGN_IDENTITY[sdk=iphoneos*]" = "iPhone Developer";
				COMPRESS_PNG_FILES = NO;
				GCC_C_LANGUAGE_STANDARD = c99;
				GCC_DYNAMIC_NO_PIC = YES;
				GCC_GENERATE_DEBUGGING_SYMBOLS = NO;
				GCC_OPTIMIZATION_LEVEL = 3;
				GCC_SYMBOLS_PRIVATE_EXTERN = NO;
				GCC_THUMB_SUPPORT = NO;
				GCC_WARN_ABOUT_RETURN_TYPE = YES;
				GCC_WARN_UNUSED_VARIABLE = YES;
				HEADER_SEARCH_PATHS = (
					"$(OF_CORE_HEADERS)",
					src,
				);
				IPHONEOS_DEPLOYMENT_TARGET = 5.0;
				LLVM_LTO = NO;
				ONLY_ACTIVE_ARCH = NO;
				PREBINDING = NO;
				PRODUCT_NAME = "Dean Rodney Singers";
				SDKROOT = iphoneos;
				TARGETED_DEVICE_FAMILY = "1,2";
				VALID_ARCHS = armv7;
				WARNING_LDFLAGS = "-no_arch_warnings";
			};
			name = Release;
		};
/* End XCBuildConfiguration section */

/* Begin XCConfigurationList section */
		1D6058960D05DD3E006BFB54 /* Build configuration list for PBXNativeTarget "SonicTag" */ = {
			isa = XCConfigurationList;
			buildConfigurations = (
				1D6058940D05DD3E006BFB54 /* Debug */,
				1D6058950D05DD3E006BFB54 /* Release */,
			);
			defaultConfigurationIsVisible = 0;
			defaultConfigurationName = Release;
		};
		C01FCF4E08A954540054247B /* Build configuration list for PBXProject "SonicTag3" */ = {
			isa = XCConfigurationList;
			buildConfigurations = (
				C01FCF4F08A954540054247B /* Debug */,
				C01FCF5008A954540054247B /* Release */,
			);
			defaultConfigurationIsVisible = 0;
			defaultConfigurationName = Release;
		};
/* End XCConfigurationList section */
	};
	rootObject = 29B97313FDCFA39411CA2CEA /* Project object */;
}
